
Microsoft Visual Studio Solution File, Format Version 12.00
Project("{FAE04EC0-301F-11D3-BF4B-00C04F79EFBC}") = "VCR.Demo", "VCR.Demo\VCR.Demo.csproj", "{99D2E56E-53EB-4881-935D-A2E35061B33B}"
EndProject
Project("{FAE04EC0-301F-11D3-BF4B-00C04F79EFBC}") = "VCR.Demo.IntegrationTests", "VCR.Demo.IntegrationTests\VCR.Demo.IntegrationTests.csproj", "{A2D8D3B1-2B33-43C7-A2F9-16C48BBB0FEE}"
EndProject
Global
	GlobalSection(SolutionConfigurationPlatforms) = preSolution
		Debug|Any CPU = Debug|Any CPU
		Release|Any CPU = Release|Any CPU
	EndGlobalSection
	GlobalSection(ProjectConfigurationPlatforms) = postSolution
		{99D2E56E-53EB-4881-935D-A2E35061B33B}.Debug|Any CPU.ActiveCfg = Debug|Any CPU
		{99D2E56E-53EB-4881-935D-A2E35061B33B}.Debug|Any CPU.Build.0 = Debug|Any CPU
		{99D2E56E-53EB-4881-935D-A2E35061B33B}.Release|Any CPU.ActiveCfg = Release|Any CPU
		{99D2E56E-53EB-4881-935D-A2E35061B33B}.Release|Any CPU.Build.0 = Release|Any CPU
		{A2D8D3B1-2B33-43C7-A2F9-16C48BBB0FEE}.Debug|Any CPU.ActiveCfg = Debug|Any CPU
		{A2D8D3B1-2B33-43C7-A2F9-16C48BBB0FEE}.Debug|Any CPU.Build.0 = Debug|Any CPU
		{A2D8D3B1-2B33-43C7-A2F9-16C48BBB0FEE}.Release|Any CPU.ActiveCfg = Release|Any CPU
		{A2D8D3B1-2B33-43C7-A2F9-16C48BBB0FEE}.Release|Any CPU.Build.0 = Release|Any CPU
	EndGlobalSection
EndGlobal
